
Microsoft Visual Studio Solution File, Format Version 12.00
# Visual Studio 15
VisualStudioVersion = 15.0.26730.12
MinimumVisualStudioVersion = 10.0.40219.1
Project("{FAE04EC0-301F-11D3-BF4B-00C04F79EFBC}") = "DotnetCoreConsumption", "DotnetCoreConsumption\DotnetCoreConsumption.csproj", "{1B79E723-2C12-4327-B713-5B4D1065028C}"
EndProject
Global
	GlobalSection(SolutionConfigurationPlatforms) = preSolution
		Debug|Any CPU = Debug|Any CPU
		Release|Any CPU = Release|Any CPU
	EndGlobalSection
	GlobalSection(ProjectConfigurationPlatforms) = postSolution
		{1B79E723-2C12-4327-B713-5B4D1065028C}.Debug|Any CPU.ActiveCfg = Debug|Any CPU
		{1B79E723-2C12-4327-B713-5B4D1065028C}.Debug|Any CPU.Build.0 = Debug|Any CPU
		{1B79E723-2C12-4327-B713-5B4D1065028C}.Release|Any CPU.ActiveCfg = Release|Any CPU
		{1B79E723-2C12-4327-B713-5B4D1065028C}.Release|Any CPU.Build.0 = Release|Any CPU
	EndGlobalSection
	GlobalSection(SolutionProperties) = preSolution
		HideSolutionNode = FALSE
	EndGlobalSection
	GlobalSection(ExtensibilityGlobals) = postSolution
		SolutionGuid = {0E7E979A-2D4D-4CE2-BEC0-67F25D2AAE7F}
	EndGlobalSection
EndGlobal
